
Microsoft Visual Studio Solution File, Format Version 12.00
# Visual Studio Version 17
VisualStudioVersion = 17.11.35208.52
MinimumVisualStudioVersion = 10.0.40219.1
Project("{9A19103F-16F7-4668-BE54-9A1E7A4F7556}") = "Spotify-maui", "Spotify-maui\Spotify-maui.csproj", "{BE5FC34F-63AC-4477-AF37-7319B46B9045}"
EndProject
Project("{FAE04EC0-301F-11D3-BF4B-00C04F79EFBC}") = "SpotifyDB", "SpotifyDB\SpotifyDB.csproj", "{A53108C7-4FAA-4346-B019-D6290E6FB7E0}"
EndProject
Global
	GlobalSection(SolutionConfigurationPlatforms) = preSolution
		Debug|Any CPU = Debug|Any CPU
		Release|Any CPU = Release|Any CPU
	EndGlobalSection
	GlobalSection(ProjectConfigurationPlatforms) = postSolution
		{BE5FC34F-63AC-4477-AF37-7319B46B9045}.Debug|Any CPU.ActiveCfg = Debug|Any CPU
		{BE5FC34F-63AC-4477-AF37-7319B46B9045}.Debug|Any CPU.Build.0 = Debug|Any CPU
		{BE5FC34F-63AC-4477-AF37-7319B46B9045}.Debug|Any CPU.Deploy.0 = Debug|Any CPU
		{BE5FC34F-63AC-4477-AF37-7319B46B9045}.Release|Any CPU.ActiveCfg = Release|Any CPU
		{BE5FC34F-63AC-4477-AF37-7319B46B9045}.Release|Any CPU.Build.0 = Release|Any CPU
		{BE5FC34F-63AC-4477-AF37-7319B46B9045}.Release|Any CPU.Deploy.0 = Release|Any CPU
		{A53108C7-4FAA-4346-B019-D6290E6FB7E0}.Debug|Any CPU.ActiveCfg = Debug|Any CPU
		{A53108C7-4FAA-4346-B019-D6290E6FB7E0}.Debug|Any CPU.Build.0 = Debug|Any CPU
		{A53108C7-4FAA-4346-B019-D6290E6FB7E0}.Release|Any CPU.ActiveCfg = Release|Any CPU
		{A53108C7-4FAA-4346-B019-D6290E6FB7E0}.Release|Any CPU.Build.0 = Release|Any CPU
	EndGlobalSection
	GlobalSection(SolutionProperties) = preSolution
		HideSolutionNode = FALSE
	EndGlobalSection
	GlobalSection(ExtensibilityGlobals) = postSolution
		SolutionGuid = {6B48113E-159E-4A9F-86B7-89C137B0935E}
	EndGlobalSection
EndGlobal
